
Microsoft Visual Studio Solution File, Format Version 12.00
Project("{FAE04EC0-301F-11D3-BF4B-00C04F79EFBC}") = "SlowLang.Engine", "SlowLang.Engine\SlowLang.Engine.csproj", "{5393F0A0-760D-4DF3-8F19-2641D30CF605}"
EndProject
Project("{2150E333-8FDC-42A3-9474-1A3956D46DE8}") = "src", "src", "{FCF98382-CF98-4444-A27A-FA32A33583D0}"
EndProject
Project("{2150E333-8FDC-42A3-9474-1A3956D46DE8}") = "Examples", "Examples", "{F30201ED-B197-441D-A48A-17AF4F0B95E6}"
EndProject
Global
	GlobalSection(SolutionConfigurationPlatforms) = preSolution
		Debug|Any CPU = Debug|Any CPU
		Release|Any CPU = Release|Any CPU
	EndGlobalSection
	GlobalSection(ProjectConfigurationPlatforms) = postSolution
		{5393F0A0-760D-4DF3-8F19-2641D30CF605}.Debug|Any CPU.ActiveCfg = Debug|Any CPU
		{5393F0A0-760D-4DF3-8F19-2641D30CF605}.Debug|Any CPU.Build.0 = Debug|Any CPU
		{5393F0A0-760D-4DF3-8F19-2641D30CF605}.Release|Any CPU.ActiveCfg = Release|Any CPU
		{5393F0A0-760D-4DF3-8F19-2641D30CF605}.Release|Any CPU.Build.0 = Release|Any CPU
	EndGlobalSection
	GlobalSection(NestedProjects) = preSolution
		{5393F0A0-760D-4DF3-8F19-2641D30CF605} = {FCF98382-CF98-4444-A27A-FA32A33583D0}
	EndGlobalSection
EndGlobal
